
Microsoft Visual Studio Solution File, Format Version 12.00
# Visual Studio Version 17
VisualStudioVersion = 17.10.35122.118
MinimumVisualStudioVersion = 10.0.40219.1
Project("{FAE04EC0-301F-11D3-BF4B-00C04F79EFBC}") = "ProductStoreAPI", "ProductStoreAPI.csproj", "{A165074D-DF9B-4B8D-8CCF-7F08A71CB983}"
EndProject
Global
	GlobalSection(SolutionConfigurationPlatforms) = preSolution
		Debug|Any CPU = Debug|Any CPU
		Release|Any CPU = Release|Any CPU
	EndGlobalSection
	GlobalSection(ProjectConfigurationPlatforms) = postSolution
		{A165074D-DF9B-4B8D-8CCF-7F08A71CB983}.Debug|Any CPU.ActiveCfg = Debug|Any CPU
		{A165074D-DF9B-4B8D-8CCF-7F08A71CB983}.Debug|Any CPU.Build.0 = Debug|Any CPU
		{A165074D-DF9B-4B8D-8CCF-7F08A71CB983}.Release|Any CPU.ActiveCfg = Release|Any CPU
		{A165074D-DF9B-4B8D-8CCF-7F08A71CB983}.Release|Any CPU.Build.0 = Release|Any CPU
	EndGlobalSection
	GlobalSection(SolutionProperties) = preSolution
		HideSolutionNode = FALSE
	EndGlobalSection
	GlobalSection(ExtensibilityGlobals) = postSolution
		SolutionGuid = {8E4F602C-6C87-435C-A548-FC4DB7AC7CA5}
	EndGlobalSection
EndGlobal
